{
  "lockfile_version": "1",
  "packages": {
    "bash@latest": {
      "last_modified": "2025-07-19T04:40:28Z",
      "resolved": "github:NixOS/nixpkgs/6b4955211758ba47fac850c040a27f23b9b4008f#bash",
      "source": "devbox-search",
      "version": "5.2p37",
      "systems": {
        "aarch64-darwin": {
          "outputs": [
            {
              "name": "out",
              "path": "/nix/store/r8mys58rvggcf63p4rf308fdm1z3zalp-bash-interactive-5.2p37",
              "default": true
            },
            {
              "name": "man",
              "path": "/nix/store/3g9pwbzp8c28yb07mhsyw0n2rx9y1a6h-bash-interactive-5.2p37-man",
              "default": true
            },
            {
              "name": "dev",
              "path": "/nix/store/c3w5g0ks2x9827s3987qjp79ca0iv0pl-bash-interactive-5.2p37-dev"
            },
            {
              "name": "doc",
              "path": "/nix/store/ayimcp8jykw7f4c0j1c222kxn5c7dkpm-bash-interactive-5.2p37-doc"
            },
            {
              "name": "info",
              "path": "/nix/store/pd598gflgjyacnvsapridw9qd4qhlvla-bash-interactive-5.2p37-info"
            }
          ],
          "store_path": "/nix/store/r8mys58rvggcf63p4rf308fdm1z3zalp-bash-interactive-5.2p37"
        },
        "aarch64-linux": {
          "outputs": [
            {
              "name": "out",
              "path": "/nix/store/am9k8b7hdld0a0x8jwc9z1plk0137rbh-bash-interactive-5.2p37",
              "default": true
            },
            {
              "name": "man",
              "path": "/nix/store/4cn42zi999alaxljl4fqg88whk5c1dha-bash-interactive-5.2p37-man",
              "default": true
            },
            {
              "name": "info",
              "path": "/nix/store/781q0jn3lrb0nlhsr0lq2qmbq6ah7kgf-bash-interactive-5.2p37-info"
            },
            {
              "name": "debug",
              "path": "/nix/store/sndpckv1x4rj18n6ld56k4dggcbn7jcb-bash-interactive-5.2p37-debug"
            },
            {
              "name": "dev",
              "path": "/nix/store/jzzlcd3rphix0vgaac81nncmybs5aqx6-bash-interactive-5.2p37-dev"
            },
            {
              "name": "doc",
              "path": "/nix/store/c5c454v3fphfz5dkm84f54hin1ycchaj-bash-interactive-5.2p37-doc"
            }
          ],
          "store_path": "/nix/store/am9k8b7hdld0a0x8jwc9z1plk0137rbh-bash-interactive-5.2p37"
        },
        "x86_64-darwin": {
          "outputs": [
            {
              "name": "out",
              "path": "/nix/store/gy9id3fyi8jldv0wyqc76pwd63n3pccb-bash-interactive-5.2p37",
              "default": true
            },
            {
              "name": "man",
              "path": "/nix/store/n6h4l2rhxjf0xgv4lsz2h1kd1qq4nhm9-bash-interactive-5.2p37-man",
              "default": true
            },
            {
              "name": "dev",
              "path": "/nix/store/rnxrd8yw1y4g0w21hnwsarwar3cm67qr-bash-interactive-5.2p37-dev"
            },
            {
              "name": "doc",
              "path": "/nix/store/cs9k7vjg4j88s183nqf263gyqvj6s9kf-bash-interactive-5.2p37-doc"
            },
            {
              "name": "info",
              "path": "/nix/store/xvr61yf7v6vh1p5iz2zjnin86vz9ssk3-bash-interactive-5.2p37-info"
            }
          ],
          "store_path": "/nix/store/gy9id3fyi8jldv0wyqc76pwd63n3pccb-bash-interactive-5.2p37"
        },
        "x86_64-linux": {
          "outputs": [
            {
              "name": "out",
              "path": "/nix/store/345523198bcsdzay55pfiimkiajq6lq8-bash-interactive-5.2p37",
              "default": true
            },
            {
              "name": "man",
              "path": "/nix/store/4q8mvi2299fva95zng5mmzx5cfn55arm-bash-interactive-5.2p37-man",
              "default": true
            },
            {
              "name": "doc",
              "path": "/nix/store/ch4abqj73gl5qykjishy5n7xzhx55pxz-bash-interactive-5.2p37-doc"
            },
            {
              "name": "info",
              "path": "/nix/store/ndqjkzwnw2ri8k8g67r1fcyka90l84j2-bash-interactive-5.2p37-info"
            },
            {
              "name": "debug",
              "path": "/nix/store/2v3flxqmfzpy9nd2xpc764ns18k1f0jn-bash-interactive-5.2p37-debug"
            },
            {
              "name": "dev",
              "path": "/nix/store/k701sazxr55f6r766g20gc4jc0fa8vqm-bash-interactive-5.2p37-dev"
            }
          ],
          "store_path": "/nix/store/345523198bcsdzay55pfiimkiajq6lq8-bash-interactive-5.2p37"
        }
      }
    },
    "bun@latest": {
      "last_modified": "2025-07-13T22:45:35Z",
      "resolved": "github:NixOS/nixpkgs/a421ac6595024edcfbb1ef950a3712b89161c359#bun",
      "source": "devbox-search",
      "version": "1.2.18",
      "systems": {
        "aarch64-darwin": {
          "outputs": [
            {
              "name": "out",
              "path": "/nix/store/x7zsxi7y9cjsymqkwlkrvwjqdiw944i1-bun-1.2.18",
              "default": true
            }
          ],
          "store_path": "/nix/store/x7zsxi7y9cjsymqkwlkrvwjqdiw944i1-bun-1.2.18"
        },
        "aarch64-linux": {
          "outputs": [
            {
              "name": "out",
              "path": "/nix/store/xxhv6ggq451c1nnhnx833bd3ws8wmfgb-bun-1.2.18",
              "default": true
            }
          ],
          "store_path": "/nix/store/xxhv6ggq451c1nnhnx833bd3ws8wmfgb-bun-1.2.18"
        },
        "x86_64-darwin": {
          "outputs": [
            {
              "name": "out",
              "path": "/nix/store/axgs0inbplgx0sqpkx9abprgggblpg5z-bun-1.2.18",
              "default": true
            }
          ],
          "store_path": "/nix/store/axgs0inbplgx0sqpkx9abprgggblpg5z-bun-1.2.18"
        },
        "x86_64-linux": {
          "outputs": [
            {
              "name": "out",
              "path": "/nix/store/597kf7nl99kp6rd1n6i5qqhfhz0m50vi-bun-1.2.18",
              "default": true
            }
          ],
          "store_path": "/nix/store/597kf7nl99kp6rd1n6i5qqhfhz0m50vi-bun-1.2.18"
        }
      }
    },
    "caddy@latest": {
      "last_modified": "2025-07-13T22:45:35Z",
      "plugin_version": "0.0.3",
      "resolved": "github:NixOS/nixpkgs/a421ac6595024edcfbb1ef950a3712b89161c359#caddy",
      "source": "devbox-search",
      "version": "2.10.0",
      "systems": {
        "aarch64-darwin": {
          "outputs": [
            {
              "name": "out",
              "path": "/nix/store/k369dl06sznpappxj4wr5fmh84x0zpjf-caddy-2.10.0",
              "default": true
            }
          ],
          "store_path": "/nix/store/k369dl06sznpappxj4wr5fmh84x0zpjf-caddy-2.10.0"
        },
        "aarch64-linux": {
          "outputs": [
            {
              "name": "out",
              "path": "/nix/store/xk5sq4pvp52jqdi2wv9bwd0nvb81sil2-caddy-2.10.0",
              "default": true
            }
          ],
          "store_path": "/nix/store/xk5sq4pvp52jqdi2wv9bwd0nvb81sil2-caddy-2.10.0"
        },
        "x86_64-darwin": {
          "outputs": [
            {
              "name": "out",
              "path": "/nix/store/ficgd5rcc18machpf7fjh77k09m7k13n-caddy-2.10.0",
              "default": true
            }
          ],
          "store_path": "/nix/store/ficgd5rcc18machpf7fjh77k09m7k13n-caddy-2.10.0"
        },
        "x86_64-linux": {
          "outputs": [
            {
              "name": "out",
              "path": "/nix/store/3vsv4wr6xv0n6s8sgck4pjsdd59l4v5a-caddy-2.10.0",
              "default": true
            }
          ],
          "store_path": "/nix/store/3vsv4wr6xv0n6s8sgck4pjsdd59l4v5a-caddy-2.10.0"
        }
      }
    },
    "cargo-watch@latest": {
      "last_modified": "2025-07-13T22:45:35Z",
      "resolved": "github:NixOS/nixpkgs/a421ac6595024edcfbb1ef950a3712b89161c359#cargo-watch",
      "source": "devbox-search",
      "version": "8.5.3",
      "systems": {
        "aarch64-darwin": {
          "outputs": [
            {
              "name": "out",
              "path": "/nix/store/5byji2wwanr1jl6i9jz36ykrkxx2knhb-cargo-watch-8.5.3",
              "default": true
            }
          ],
          "store_path": "/nix/store/5byji2wwanr1jl6i9jz36ykrkxx2knhb-cargo-watch-8.5.3"
        },
        "aarch64-linux": {
          "outputs": [
            {
              "name": "out",
              "path": "/nix/store/n0h9p387vmqazr186sjbf2ky61mihcg4-cargo-watch-8.5.3",
              "default": true
            }
          ],
          "store_path": "/nix/store/n0h9p387vmqazr186sjbf2ky61mihcg4-cargo-watch-8.5.3"
        },
        "x86_64-darwin": {
          "outputs": [
            {
              "name": "out",
              "path": "/nix/store/lx458vnfy610kgyn6r0nznlwvp3mk4qv-cargo-watch-8.5.3",
              "default": true
            }
          ],
          "store_path": "/nix/store/lx458vnfy610kgyn6r0nznlwvp3mk4qv-cargo-watch-8.5.3"
        },
        "x86_64-linux": {
          "outputs": [
            {
              "name": "out",
              "path": "/nix/store/vbdgdzhr3h6blzn67qykcac705gpnlpp-cargo-watch-8.5.3",
              "default": true
            }
          ],
          "store_path": "/nix/store/vbdgdzhr3h6blzn67qykcac705gpnlpp-cargo-watch-8.5.3"
        }
      }
    },
    "github:NixOS/nixpkgs/nixpkgs-unstable": {
      "last_modified": "2025-07-18T12:29:53Z",
      "resolved": "github:NixOS/nixpkgs/8131c0ea9df6293a247be743a387ff725e464db7?lastModified=1752841793&narHash=sha256-pGvcN%2FyiJ4e3%2FhgvTwkyZvl6c3HuLLCY%2FhjEzDuQB54%3D"
    },
    "mailpit@latest": {
      "last_modified": "2025-07-13T22:45:35Z",
      "resolved": "github:NixOS/nixpkgs/a421ac6595024edcfbb1ef950a3712b89161c359#mailpit",
      "source": "devbox-search",
      "version": "1.26.0",
      "systems": {
        "aarch64-darwin": {
          "outputs": [
            {
              "name": "out",
              "path": "/nix/store/h6ah559bv90k1niczh70zswixxqvvhjc-mailpit-1.26.0",
              "default": true
            }
          ],
          "store_path": "/nix/store/h6ah559bv90k1niczh70zswixxqvvhjc-mailpit-1.26.0"
        },
        "aarch64-linux": {
          "outputs": [
            {
              "name": "out",
              "path": "/nix/store/2jhqc13npfja1vrc82q4hvnd39lnw5pf-mailpit-1.26.0",
              "default": true
            }
          ],
          "store_path": "/nix/store/2jhqc13npfja1vrc82q4hvnd39lnw5pf-mailpit-1.26.0"
        },
        "x86_64-darwin": {
          "outputs": [
            {
              "name": "out",
              "path": "/nix/store/h7sb210xscgjb6aw64kalx50jb5mwb2i-mailpit-1.26.0",
              "default": true
            }
          ],
          "store_path": "/nix/store/h7sb210xscgjb6aw64kalx50jb5mwb2i-mailpit-1.26.0"
        },
        "x86_64-linux": {
          "outputs": [
            {
              "name": "out",
              "path": "/nix/store/1kkdp8d6f2r15fhyf04925gbwsidh2qf-mailpit-1.26.0",
              "default": true
            }
          ],
          "store_path": "/nix/store/1kkdp8d6f2r15fhyf04925gbwsidh2qf-mailpit-1.26.0"
        }
      }
    },
    "minio-client@latest": {
      "last_modified": "2025-07-28T17:09:23Z",
      "resolved": "github:NixOS/nixpkgs/648f70160c03151bc2121d179291337ad6bc564b#minio-client",
      "source": "devbox-search",
      "version": "2025-07-21T05-28-08Z",
      "systems": {
        "aarch64-darwin": {
          "outputs": [
            {
              "name": "out",
              "path": "/nix/store/zmki3fdj8vshvkxazf86r7zg839lqk40-minio-client-2025-07-21T05-28-08Z",
              "default": true
            }
          ],
          "store_path": "/nix/store/zmki3fdj8vshvkxazf86r7zg839lqk40-minio-client-2025-07-21T05-28-08Z"
        },
        "aarch64-linux": {
          "outputs": [
            {
              "name": "out",
              "path": "/nix/store/xpbrp7lj9ig6w4cgrl24r884sl55fgwx-minio-client-2025-07-21T05-28-08Z",
              "default": true
            }
          ],
          "store_path": "/nix/store/xpbrp7lj9ig6w4cgrl24r884sl55fgwx-minio-client-2025-07-21T05-28-08Z"
        },
        "x86_64-darwin": {
          "outputs": [
            {
              "name": "out",
              "path": "/nix/store/mvmh409ijprfx5xvrr0f6fslqh6s68nh-minio-client-2025-07-21T05-28-08Z",
              "default": true
            }
          ],
          "store_path": "/nix/store/mvmh409ijprfx5xvrr0f6fslqh6s68nh-minio-client-2025-07-21T05-28-08Z"
        },
        "x86_64-linux": {
          "outputs": [
            {
              "name": "out",
              "path": "/nix/store/whl7qwgxn6chhzs3pr94j7y9mxkmmvpc-minio-client-2025-07-21T05-28-08Z",
              "default": true
            }
          ],
          "store_path": "/nix/store/whl7qwgxn6chhzs3pr94j7y9mxkmmvpc-minio-client-2025-07-21T05-28-08Z"
        }
      }
    },
    "minio@latest": {
      "last_modified": "2025-07-28T17:09:23Z",
      "resolved": "github:NixOS/nixpkgs/648f70160c03151bc2121d179291337ad6bc564b#minio",
      "source": "devbox-search",
      "version": "2025-06-13T11-33-47Z",
      "systems": {
        "aarch64-darwin": {
          "outputs": [
            {
              "name": "out",
              "path": "/nix/store/anl9gn585a22wdbdy45kbgkmd1ralkl4-minio-2025-06-13T11-33-47Z",
              "default": true
            }
          ],
          "store_path": "/nix/store/anl9gn585a22wdbdy45kbgkmd1ralkl4-minio-2025-06-13T11-33-47Z"
        },
        "aarch64-linux": {
          "outputs": [
            {
              "name": "out",
              "path": "/nix/store/pip9p9bkj9qkavi99nnm67qd22ibhg1r-minio-2025-06-13T11-33-47Z",
              "default": true
            }
          ],
          "store_path": "/nix/store/pip9p9bkj9qkavi99nnm67qd22ibhg1r-minio-2025-06-13T11-33-47Z"
        },
        "x86_64-darwin": {
          "outputs": [
            {
              "name": "out",
              "path": "/nix/store/b5bd8dc63p5zp5998v0a82vg9v0sp3q2-minio-2025-06-13T11-33-47Z",
              "default": true
            }
          ],
          "store_path": "/nix/store/b5bd8dc63p5zp5998v0a82vg9v0sp3q2-minio-2025-06-13T11-33-47Z"
        },
        "x86_64-linux": {
          "outputs": [
            {
              "name": "out",
              "path": "/nix/store/jkfqq6j88skpcs8yxkv6mk30h4q4zykh-minio-2025-06-13T11-33-47Z",
              "default": true
            }
          ],
          "store_path": "/nix/store/jkfqq6j88skpcs8yxkv6mk30h4q4zykh-minio-2025-06-13T11-33-47Z"
        }
      }
    },
    "overmind@latest": {
      "last_modified": "2025-07-13T22:45:35Z",
      "resolved": "github:NixOS/nixpkgs/a421ac6595024edcfbb1ef950a3712b89161c359#overmind",
      "source": "devbox-search",
      "version": "2.5.1",
      "systems": {
        "aarch64-darwin": {
          "outputs": [
            {
              "name": "out",
              "path": "/nix/store/zylifrmn2kbpgcwdzwibrk1fl498hdig-overmind-2.5.1",
              "default": true
            }
          ],
          "store_path": "/nix/store/zylifrmn2kbpgcwdzwibrk1fl498hdig-overmind-2.5.1"
        },
        "aarch64-linux": {
          "outputs": [
            {
              "name": "out",
              "path": "/nix/store/bk962cbi4qnld2ab7dkzqnz9hv5b1nmx-overmind-2.5.1",
              "default": true
            }
          ],
          "store_path": "/nix/store/bk962cbi4qnld2ab7dkzqnz9hv5b1nmx-overmind-2.5.1"
        },
        "x86_64-darwin": {
          "outputs": [
            {
              "name": "out",
              "path": "/nix/store/cfwlk6dw17b9ffh1ijrkbvym91b5yfnf-overmind-2.5.1",
              "default": true
            }
          ],
          "store_path": "/nix/store/cfwlk6dw17b9ffh1ijrkbvym91b5yfnf-overmind-2.5.1"
        },
        "x86_64-linux": {
          "outputs": [
            {
              "name": "out",
              "path": "/nix/store/n5d7dp09q5cv1a85h37znmza7ym4dgqn-overmind-2.5.1",
              "default": true
            }
          ],
          "store_path": "/nix/store/n5d7dp09q5cv1a85h37znmza7ym4dgqn-overmind-2.5.1"
        }
      }
    },
    "process-compose@latest": {
      "last_modified": "2025-07-13T22:45:35Z",
      "resolved": "github:NixOS/nixpkgs/a421ac6595024edcfbb1ef950a3712b89161c359#process-compose",
      "source": "devbox-search",
      "version": "1.64.1",
      "systems": {
        "aarch64-darwin": {
          "outputs": [
            {
              "name": "out",
              "path": "/nix/store/mwyrbv8b5m4iqsb3a12mqgi7y6bd3zcb-process-compose-1.64.1",
              "default": true
            }
          ],
          "store_path": "/nix/store/mwyrbv8b5m4iqsb3a12mqgi7y6bd3zcb-process-compose-1.64.1"
        },
        "aarch64-linux": {
          "outputs": [
            {
              "name": "out",
              "path": "/nix/store/g6wf0vwlx2zpvb45046pwayqf5vn3gg0-process-compose-1.64.1",
              "default": true
            }
          ],
          "store_path": "/nix/store/g6wf0vwlx2zpvb45046pwayqf5vn3gg0-process-compose-1.64.1"
        },
        "x86_64-darwin": {
          "outputs": [
            {
              "name": "out",
              "path": "/nix/store/j2ll99ghhp6l1rcj1ln37y0ygmh78w5k-process-compose-1.64.1",
              "default": true
            }
          ],
          "store_path": "/nix/store/j2ll99ghhp6l1rcj1ln37y0ygmh78w5k-process-compose-1.64.1"
        },
        "x86_64-linux": {
          "outputs": [
            {
              "name": "out",
              "path": "/nix/store/42xwd8m3hg0nyknd2kanx1hwbn06ivan-process-compose-1.64.1",
              "default": true
            }
          ],
          "store_path": "/nix/store/42xwd8m3hg0nyknd2kanx1hwbn06ivan-process-compose-1.64.1"
        }
      }
    },
    "rustup@latest": {
      "last_modified": "2025-07-13T22:45:35Z",
      "plugin_version": "0.0.1",
      "resolved": "github:NixOS/nixpkgs/a421ac6595024edcfbb1ef950a3712b89161c359#rustup",
      "source": "devbox-search",
      "version": "1.28.2",
      "systems": {
        "aarch64-darwin": {
          "outputs": [
            {
              "name": "out",
              "path": "/nix/store/cm002v6ahmbvg813mawx1jfyshyc6kvz-rustup-1.28.2",
              "default": true
            }
          ],
          "store_path": "/nix/store/cm002v6ahmbvg813mawx1jfyshyc6kvz-rustup-1.28.2"
        },
        "aarch64-linux": {
          "outputs": [
            {
              "name": "out",
              "path": "/nix/store/vdgmci02cp2wqqp3l7mnv5s4xmzlmcia-rustup-1.28.2",
              "default": true
            }
          ],
          "store_path": "/nix/store/vdgmci02cp2wqqp3l7mnv5s4xmzlmcia-rustup-1.28.2"
        },
        "x86_64-darwin": {
          "outputs": [
            {
              "name": "out",
              "path": "/nix/store/swyqkqsn1ky5g1a4wpw1rc4wn1kplsg7-rustup-1.28.2",
              "default": true
            }
          ],
          "store_path": "/nix/store/swyqkqsn1ky5g1a4wpw1rc4wn1kplsg7-rustup-1.28.2"
        },
        "x86_64-linux": {
          "outputs": [
            {
              "name": "out",
              "path": "/nix/store/rnf8wb305f8508hnkjgi0i3vy2522b5w-rustup-1.28.2",
              "default": true
            }
          ],
          "store_path": "/nix/store/rnf8wb305f8508hnkjgi0i3vy2522b5w-rustup-1.28.2"
        }
      }
    },
    "varnish@latest": {
      "last_modified": "2025-07-13T22:45:35Z",
      "resolved": "github:NixOS/nixpkgs/a421ac6595024edcfbb1ef950a3712b89161c359#varnish",
      "source": "devbox-search",
      "version": "7.7.1",
      "systems": {
        "aarch64-darwin": {
          "outputs": [
            {
              "name": "out",
              "path": "/nix/store/vzywvcz9xzh8ak463a4j6680wsprd1zf-varnish-7.7.1",
              "default": true
            },
            {
              "name": "man",
              "path": "/nix/store/mrawwpy28gf0s44l81wm3lprw2lh2377-varnish-7.7.1-man",
              "default": true
            },
            {
              "name": "dev",
              "path": "/nix/store/zyqlvbpsapcqs9x559b65b441dwd88ji-varnish-7.7.1-dev"
            }
          ],
          "store_path": "/nix/store/vzywvcz9xzh8ak463a4j6680wsprd1zf-varnish-7.7.1"
        },
        "aarch64-linux": {
          "outputs": [
            {
              "name": "out",
              "path": "/nix/store/9pxfw0hb3frqhszv84cgzhhhwdrqrz4n-varnish-7.7.1",
              "default": true
            },
            {
              "name": "man",
              "path": "/nix/store/79p10v2icr1379diafkwp1zpw6p067z1-varnish-7.7.1-man",
              "default": true
            },
            {
              "name": "dev",
              "path": "/nix/store/gwzwpi7bq747n1c8ypvsr8kn6hrfvamk-varnish-7.7.1-dev"
            }
          ],
          "store_path": "/nix/store/9pxfw0hb3frqhszv84cgzhhhwdrqrz4n-varnish-7.7.1"
        },
        "x86_64-darwin": {
          "outputs": [
            {
              "name": "out",
              "path": "/nix/store/n8zn4g3iw711pkn15mvz3vww3hi62m8g-varnish-7.7.1",
              "default": true
            },
            {
              "name": "man",
              "path": "/nix/store/j77jmn36amjmdryxgq74q547yw47p3k1-varnish-7.7.1-man",
              "default": true
            },
            {
              "name": "dev",
              "path": "/nix/store/mvapxqlispndjgdqjnw09k9izfz41mzc-varnish-7.7.1-dev"
            }
          ],
          "store_path": "/nix/store/n8zn4g3iw711pkn15mvz3vww3hi62m8g-varnish-7.7.1"
        },
        "x86_64-linux": {
          "outputs": [
            {
              "name": "out",
              "path": "/nix/store/xdx23d2p2z4f9bpcq3wfzg4mdl23sdzq-varnish-7.7.1",
              "default": true
            },
            {
              "name": "man",
              "path": "/nix/store/33hxzq8h6drmnh1ijza45acyn4qkic0l-varnish-7.7.1-man",
              "default": true
            },
            {
              "name": "dev",
              "path": "/nix/store/4vqmcm48pdwb5i0jzv2i3w2vsqg3vxrj-varnish-7.7.1-dev"
            }
          ],
          "store_path": "/nix/store/xdx23d2p2z4f9bpcq3wfzg4mdl23sdzq-varnish-7.7.1"
        }
      }
    }
  }
}
